
Microsoft Visual Studio Solution File, Format Version 12.00
# Visual Studio Version 16
VisualStudioVersion = 16.0.30711.63
MinimumVisualStudioVersion = 10.0.40219.1
Project("{FAE04EC0-301F-11D3-BF4B-00C04F79EFBC}") = "UnitTestProject1", "UnitTestProject1\UnitTestProject1.csproj", "{8BDB0113-B812-4DFA-96E0-941CDCAC9F0E}"
EndProject
Global
	GlobalSection(SolutionConfigurationPlatforms) = preSolution
		Debug|Any CPU = Debug|Any CPU
		Release|Any CPU = Release|Any CPU
	EndGlobalSection
	GlobalSection(ProjectConfigurationPlatforms) = postSolution
		{8BDB0113-B812-4DFA-96E0-941CDCAC9F0E}.Debug|Any CPU.ActiveCfg = Debug|Any CPU
		{8BDB0113-B812-4DFA-96E0-941CDCAC9F0E}.Debug|Any CPU.Build.0 = Debug|Any CPU
		{8BDB0113-B812-4DFA-96E0-941CDCAC9F0E}.Release|Any CPU.ActiveCfg = Release|Any CPU
		{8BDB0113-B812-4DFA-96E0-941CDCAC9F0E}.Release|Any CPU.Build.0 = Release|Any CPU
	EndGlobalSection
	GlobalSection(SolutionProperties) = preSolution
		HideSolutionNode = FALSE
	EndGlobalSection
	GlobalSection(ExtensibilityGlobals) = postSolution
		SolutionGuid = {4E2E221C-EC15-4812-A0E6-7D85CAD9BEAC}
	EndGlobalSection
EndGlobal
